hash: 49fad3b5a0e0f612276297e7748801230ac3b1e5ded80c36655e7745d6c08ebd
updated: 2019-07-01T16:13:01.255396328+02:00
imports:
- name: github.com/caarlos0/env
  version: 518fcfb943252f77846f92ce5794086d9cb4a1b5
- name: github.com/gogo/protobuf
  version: c0656edd0d9eab7c66d1eb0c568f9039345796f7
  subpackages:
  - gogoproto
  - proto
  - protoc-gen-gogo/descriptor
- name: github.com/gorilla/mux
  version: ed099d42384823742bba0bf9a72b53b55c9e2e38
- name: github.com/konsorten/go-windows-terminal-sequences
  version: 5c8c8bd35d3832f5d134ae1e1e375b69a4d25242
- name: github.com/nats-io/go-nats
  version: 73ffc26dfe70cc3b217df38d209c83b6d07eaf3c
  subpackages:
  - encoders/builtin
  - util
- name: github.com/nats-io/nats.go
  version: 70fe06cee50d4b6f98248d9675fb55f2a3aa7228
- name: github.com/nats-io/nkeys
  version: 1546a3320a8f195a5b5c84aef8309377c2e411d5
- name: github.com/nats-io/nuid
  version: 4b96681fa6d28dd0ab5fe79bac63b3a493d9ee94
- name: github.com/nats-io/stan.go
  version: c5efdc3e2330fb9c81f34082d0c04a8de817748a
  subpackages:
  - pb
- name: github.com/sirupsen/logrus
  version: 839c75faf7f98a33d445d181f3018b5c3409a45e
- name: golang.org/x/crypto
  version: 81e90905daefcd6fd217b62423c0908922eadb30
  subpackages:
  - ed25519
  - ed25519/internal/edwards25519
- name: golang.org/x/sys
  version: 95c6576299259db960f6c5b9b69ea52422860fce
  subpackages:
  - unix
testImports: []
